{
  "name": "@primacy/fable-yjs-adaptive",
  "version": "1.0.0",
  "lockfileVersion": 1,
  "requires": true,
  "dependencies": {
    "isomorphic.js": {
      "version": "0.2.5",
      "resolved": "https://registry.npmjs.org/isomorphic.js/-/isomorphic.js-0.2.5.tgz",
      "integrity": "sha512-PIeMbHqMt4DnUP3MA/Flc0HElYjMXArsw1qwJZcm9sqR8mq3l8NYizFMty0pWwE/tzIGH3EKK5+jes5mAr85yw==",
      "dev": true
    },
    "lib0": {
      "version": "0.2.51",
      "resolved": "https://registry.npmjs.org/lib0/-/lib0-0.2.51.tgz",
      "integrity": "sha512-05Erb3465CxJa38LQlMz4EbetNvRna1S3BzqEjC0/pmp5cQuQSfNNmeS0722Wev1dRlMUp2Cql0gQ55krSXf2Q==",
      "dev": true,
      "requires": {
        "isomorphic.js": "^0.2.4"
      }
    },
    "ts2fable": {
      "version": "0.7.1",
      "resolved": "https://registry.npmjs.org/ts2fable/-/ts2fable-0.7.1.tgz",
      "integrity": "sha512-4CiCzuWF9ueSLlr+OozcwaehhCno1frnPZbHM7Jd4EfKzSlHk3hyjrhFKttnXQ2Sx0tGe8C4xwjDhnZaOSqFkw==",
      "dev": true,
      "requires": {
        "typescript": "3.7.4"
      }
    },
    "typescript": {
      "version": "3.7.4",
      "resolved": "https://registry.npmjs.org/typescript/-/typescript-3.7.4.tgz",
      "integrity": "sha512-A25xv5XCtarLwXpcDNZzCGvW2D1S3/bACratYBx2sax8PefsFhlYmkQicKHvpYflFS8if4zne5zT5kpJ7pzuvw==",
      "dev": true
    },
    "yjs": {
      "version": "13.5.35",
      "resolved": "https://registry.npmjs.org/yjs/-/yjs-13.5.35.tgz",
      "integrity": "sha512-vsqGmvZLiVwFcI4RlIZJeX59lGXDLXw37QrrbKVWXQJGbhMKgwAhZI4ZUVANUO54waoE1jta/NWb6gLSqNZ82Q==",
      "dev": true,
      "requires": {
        "lib0": "^0.2.49"
      }
    }
  }
}
