{
  "version": 2,
  "dependencies": {
    ".NETStandard,Version=v2.0": {
      "FSharp.Core": {
        "type": "Direct",
        "requested": "[6.0.5, )",
        "resolved": "6.0.5",
        "contentHash": "FwdQVtpj34xt8vKyFUUeNIS+obWlEnSrSW7y1ivRVts/ZsrUsKyOd0bZehgFhWdnB/NBsa9DCWvNFMTO0XDFcg=="
      },
      "FSharp.Data.Adaptive": {
        "type": "Direct",
        "requested": "[1.2.13, )",
        "resolved": "1.2.13",
        "contentHash": "9g1qwlyxH/ymKSK9WBGbAO7+4UGd9L4GN+uqxk0ju1mGiJTaMNYbrbKvWnhvPyDs9d2mfeS9lydwYdjtHF7pew==",
        "dependencies": {
          "FSharp.Core": "4.7.0",
          "System.Reflection.Emit.Lightweight": "4.6.0"
        }
      },
      "NETStandard.Library": {
        "type": "Direct",
        "requested": "[2.0.3, )",
        "resolved": "2.0.3",
        "contentHash": "st47PosZSHrjECdjeIzZQbzivYBJFv6P2nv4cj2ypdI204DO+vZ7l5raGMiX4eXMJ53RfOIg+/s4DHVZ54Nu2A==",
        "dependencies": {
          "Microsoft.NETCore.Platforms": "1.1.0"
        }
      },
      "Microsoft.NETCore.Platforms": {
        "type": "Transitive",
        "resolved": "1.1.0",
        "contentHash": "kz0PEW2lhqygehI/d6XsPCQzD7ff7gUJaVGPVETX611eadGsA3A877GdSlU0LRVMCTH/+P3o2iDTak+S08V2+A=="
      },
      "System.Reflection.Emit.ILGeneration": {
        "type": "Transitive",
        "resolved": "4.6.0",
        "contentHash": "z3r/uEhMj+1wUNUa/EA2bWxEL9M8bgFt/22xCOQivES28ex3zWxE+2j0gQF/mdRwzlr0jir64HVlwV5J4zTOfw=="
      },
      "System.Reflection.Emit.Lightweight": {
        "type": "Transitive",
        "resolved": "4.6.0",
        "contentHash": "j/V5HVvxvBQ7uubYD0PptQW2KGsi1Pc2kZ9yfwLixv3ADdjL/4M78KyC5e+ymW612DY8ZE4PFoZmWpoNmN2mqg==",
        "dependencies": {
          "System.Reflection.Emit.ILGeneration": "4.6.0"
        }
      }
    }
  }
}