
Microsoft Visual Studio Solution File, Format Version 12.00
# Visual Studio Version 16
VisualStudioVersion = 16.0.30114.105
MinimumVisualStudioVersion = 10.0.40219.1
Project("{2150E333-8FDC-42A3-9474-1A3956D46DE8}") = "src", "src", "{05DC4E92-028D-4B9F-9F26-915B3BD08AF5}"
EndProject
Project("{F2A71F9B-5D33-465A-A702-920D77279786}") = "Fable.Yjs", "src\Fable.Yjs\Fable.Yjs.fsproj", "{FFE20514-624F-4B38-830A-B3C1557E8273}"
EndProject
Project("{F2A71F9B-5D33-465A-A702-920D77279786}") = "Fable.Yjs.Adaptive", "src\Fable.Yjs.Adaptive\Fable.Yjs.Adaptive.fsproj", "{ED9E95EC-5871-4553-8B3E-F1FB9F744A57}"
EndProject
Project("{2150E333-8FDC-42A3-9474-1A3956D46DE8}") = "tests", "tests", "{8DC3EFAC-3FEA-4F05-95FA-D9E8BB67E6A7}"
EndProject
Project("{F2A71F9B-5D33-465A-A702-920D77279786}") = "Fable.Yjs.Adaptive.Tests", "tests\Fable.Yjs.Adaptive.Tests\Fable.Yjs.Adaptive.Tests.fsproj", "{F7751C14-E748-4059-A57B-6C281CABB58A}"
EndProject
Global
	GlobalSection(SolutionConfigurationPlatforms) = preSolution
		Debug|Any CPU = Debug|Any CPU
		Release|Any CPU = Release|Any CPU
	EndGlobalSection
	GlobalSection(SolutionProperties) = preSolution
		HideSolutionNode = FALSE
	EndGlobalSection
	GlobalSection(ProjectConfigurationPlatforms) = postSolution
		{FFE20514-624F-4B38-830A-B3C1557E8273}.Debug|Any CPU.ActiveCfg = Debug|Any CPU
		{FFE20514-624F-4B38-830A-B3C1557E8273}.Debug|Any CPU.Build.0 = Debug|Any CPU
		{FFE20514-624F-4B38-830A-B3C1557E8273}.Release|Any CPU.ActiveCfg = Release|Any CPU
		{FFE20514-624F-4B38-830A-B3C1557E8273}.Release|Any CPU.Build.0 = Release|Any CPU
		{ED9E95EC-5871-4553-8B3E-F1FB9F744A57}.Debug|Any CPU.ActiveCfg = Debug|Any CPU
		{ED9E95EC-5871-4553-8B3E-F1FB9F744A57}.Debug|Any CPU.Build.0 = Debug|Any CPU
		{ED9E95EC-5871-4553-8B3E-F1FB9F744A57}.Release|Any CPU.ActiveCfg = Release|Any CPU
		{ED9E95EC-5871-4553-8B3E-F1FB9F744A57}.Release|Any CPU.Build.0 = Release|Any CPU
		{F7751C14-E748-4059-A57B-6C281CABB58A}.Debug|Any CPU.ActiveCfg = Debug|Any CPU
		{F7751C14-E748-4059-A57B-6C281CABB58A}.Debug|Any CPU.Build.0 = Debug|Any CPU
		{F7751C14-E748-4059-A57B-6C281CABB58A}.Release|Any CPU.ActiveCfg = Release|Any CPU
		{F7751C14-E748-4059-A57B-6C281CABB58A}.Release|Any CPU.Build.0 = Release|Any CPU
	EndGlobalSection
	GlobalSection(NestedProjects) = preSolution
		{FFE20514-624F-4B38-830A-B3C1557E8273} = {05DC4E92-028D-4B9F-9F26-915B3BD08AF5}
		{ED9E95EC-5871-4553-8B3E-F1FB9F744A57} = {05DC4E92-028D-4B9F-9F26-915B3BD08AF5}
		{F7751C14-E748-4059-A57B-6C281CABB58A} = {8DC3EFAC-3FEA-4F05-95FA-D9E8BB67E6A7}
	EndGlobalSection
EndGlobal
