{
  "version": 2,
  "dependencies": {
    ".NETStandard,Version=v2.0": {
      "Fable.Mocha": {
        "type": "Direct",
        "requested": "[2.15.0, )",
        "resolved": "2.15.0",
        "contentHash": "y1zPZ8zjV/Q7vUqBtux2biM9Uasobu67wEQxXvAP8vE/D69fWUVA/GFxSgss6y2O2oKNwBsjeweV2toorEUmjA==",
        "dependencies": {
          "FSharp.Core": "4.7.0",
          "Fable.Core": "3.0.0"
        }
      },
      "FSharp.Core": {
        "type": "Direct",
        "requested": "[6.0.5, )",
        "resolved": "6.0.5",
        "contentHash": "FwdQVtpj34xt8vKyFUUeNIS+obWlEnSrSW7y1ivRVts/ZsrUsKyOd0bZehgFhWdnB/NBsa9DCWvNFMTO0XDFcg=="
      },
      "NETStandard.Library": {
        "type": "Direct",
        "requested": "[2.0.3, )",
        "resolved": "2.0.3",
        "contentHash": "st47PosZSHrjECdjeIzZQbzivYBJFv6P2nv4cj2ypdI204DO+vZ7l5raGMiX4eXMJ53RfOIg+/s4DHVZ54Nu2A==",
        "dependencies": {
          "Microsoft.NETCore.Platforms": "1.1.0"
        }
      },
      "Fable.Browser.Blob": {
        "type": "Transitive",
        "resolved": "1.2.0",
        "contentHash": "bM4zbtIeycTFFCH7o4WuN28W70dTxNTMZiMvR70XUTYrBnbz7GpS5XxzUy5caDB4l7s2l7wiuVDhh52t7NXxDg==",
        "dependencies": {
          "FSharp.Core": "4.7.2",
          "Fable.Core": "3.0.0"
        }
      },
      "Fable.Browser.Event": {
        "type": "Transitive",
        "resolved": "1.5.0",
        "contentHash": "Bx2AOOASIG1Eq1Pe8869H8baMePte6STmKGccGuOYMT2p6nWVS8G6ZBZb5encQ0tAL2/0vhA4KJOl4bYwUaQqg==",
        "dependencies": {
          "FSharp.Core": "4.7.2",
          "Fable.Browser.Gamepad": "1.1.0",
          "Fable.Core": "3.0.0"
        }
      },
      "Fable.Browser.Gamepad": {
        "type": "Transitive",
        "resolved": "1.1.0",
        "contentHash": "8m/Ae/mrH2Hb2ue435rTPEeVb2FhfWsRJJLpCxMvk+5EUOO2+IIjIkLq4thUfRL98uQVt9V5cQd14h2aBf2XJA==",
        "dependencies": {
          "FSharp.Core": "4.7.2",
          "Fable.Core": "3.0.0"
        }
      },
      "Fable.Browser.WebStorage": {
        "type": "Transitive",
        "resolved": "1.1.0",
        "contentHash": "tGktTk6QHIOeX7JtG5ISem1p9Rc1iYkgcbpIEzHS2YuvpOa9YomUKABU0Lraz4GMjAGxhhNvAXLRry2w89HdVQ==",
        "dependencies": {
          "FSharp.Core": "4.7.2",
          "Fable.Browser.Event": "1.5.0",
          "Fable.Core": "3.0.0"
        }
      },
      "Microsoft.NETCore.Platforms": {
        "type": "Transitive",
        "resolved": "1.1.0",
        "contentHash": "kz0PEW2lhqygehI/d6XsPCQzD7ff7gUJaVGPVETX611eadGsA3A877GdSlU0LRVMCTH/+P3o2iDTak+S08V2+A=="
      },
      "System.Reflection.Emit.ILGeneration": {
        "type": "Transitive",
        "resolved": "4.6.0",
        "contentHash": "z3r/uEhMj+1wUNUa/EA2bWxEL9M8bgFt/22xCOQivES28ex3zWxE+2j0gQF/mdRwzlr0jir64HVlwV5J4zTOfw=="
      },
      "System.Reflection.Emit.Lightweight": {
        "type": "Transitive",
        "resolved": "4.6.0",
        "contentHash": "j/V5HVvxvBQ7uubYD0PptQW2KGsi1Pc2kZ9yfwLixv3ADdjL/4M78KyC5e+ymW612DY8ZE4PFoZmWpoNmN2mqg==",
        "dependencies": {
          "System.Reflection.Emit.ILGeneration": "4.6.0"
        }
      },
      "fable.yjs": {
        "type": "Project",
        "dependencies": {
          "FSharp.Core": "6.0.5",
          "Fable.Browser.Dom": "2.10.0",
          "Fable.Core": "3.7.0"
        }
      },
      "fable.yjs.adaptive": {
        "type": "Project",
        "dependencies": {
          "FSharp.Core": "6.0.5",
          "FSharp.Data.Adaptive": "1.2.13",
          "Fable.Yjs": "1.0.0"
        }
      },
      "Fable.Browser.Dom": {
        "type": "CentralTransitive",
        "requested": "[2.10.0, )",
        "resolved": "2.10.0",
        "contentHash": "DGbAzVcWYTfiYoShbbMpd75BpngbIFTjHeMoFPCtRGKORUMg11TLKiXoCxbwyjrCuXDKPNSlKjio1i66WgNGgA==",
        "dependencies": {
          "FSharp.Core": "4.7.2",
          "Fable.Browser.Blob": "1.2.0",
          "Fable.Browser.Event": "1.5.0",
          "Fable.Browser.WebStorage": "1.1.0",
          "Fable.Core": "3.2.8"
        }
      },
      "Fable.Core": {
        "type": "CentralTransitive",
        "requested": "[3.7.0, )",
        "resolved": "3.7.0",
        "contentHash": "T+67w7XUaqHp2Lm9ESvrPoy7MrCFOYpUg6ASX4F+E1XDDnH+ElW2t1Jt+FjahRZZk6cS14i8JACte57P32FW9Q=="
      },
      "FSharp.Data.Adaptive": {
        "type": "CentralTransitive",
        "requested": "[1.2.13, )",
        "resolved": "1.2.13",
        "contentHash": "9g1qwlyxH/ymKSK9WBGbAO7+4UGd9L4GN+uqxk0ju1mGiJTaMNYbrbKvWnhvPyDs9d2mfeS9lydwYdjtHF7pew==",
        "dependencies": {
          "FSharp.Core": "4.7.0",
          "System.Reflection.Emit.Lightweight": "4.6.0"
        }
      }
    }
  }
}